
Microsoft Visual Studio Solution File, Format Version 12.00
# Visual Studio 15
VisualStudioVersion = 15.0.28010.0
MinimumVisualStudioVersion = 10.0.40219.1
Project("{FAE04EC0-301F-11D3-BF4B-00C04F79EFBC}") = "H1ProjektNy", "H1ProjektNy\H1ProjektNy.csproj", "{AE2B241B-5199-4E32-A608-A3DA698875C7}"
EndProject
Global
	GlobalSection(SolutionConfigurationPlatforms) = preSolution
		Debug|Any CPU = Debug|Any CPU
		Release|Any CPU = Release|Any CPU
	EndGlobalSection
	GlobalSection(ProjectConfigurationPlatforms) = postSolution
		{AE2B241B-5199-4E32-A608-A3DA698875C7}.Debug|Any CPU.ActiveCfg = Debug|Any CPU
		{AE2B241B-5199-4E32-A608-A3DA698875C7}.Debug|Any CPU.Build.0 = Debug|Any CPU
		{AE2B241B-5199-4E32-A608-A3DA698875C7}.Release|Any CPU.ActiveCfg = Release|Any CPU
		{AE2B241B-5199-4E32-A608-A3DA698875C7}.Release|Any CPU.Build.0 = Release|Any CPU
	EndGlobalSection
	GlobalSection(SolutionProperties) = preSolution
		HideSolutionNode = FALSE
	EndGlobalSection
	GlobalSection(ExtensibilityGlobals) = postSolution
		SolutionGuid = {DDA25686-9421-4867-B723-9ADEA049C313}
	EndGlobalSection
EndGlobal
